apiVersion: vendir.k14s.io/v1alpha1
directories:
- contents:
  - git:
      commitTitle: 'fix: broken pnpm-store'
      sha: 2e087663ce27cca79e3a9ffeb0840e73156889fd
    path: .
  path: ../.github/workflows/vendor
- contents:
  - git:
      commitTitle: 'fix: broken pnpm-store'
      sha: 2e087663ce27cca79e3a9ffeb0840e73156889fd
    path: .
  path: vendor
kind: LockConfig
